
Microsoft Visual Studio Solution File, Format Version 12.00
# Visual Studio Version 16
VisualStudioVersion = 16.0.32428.217
MinimumVisualStudioVersion = 10.0.40219.1
Project("{9A19103F-16F7-4668-BE54-9A1E7A4F7556}") = "AzureAPI.Domain", "AzureAPI.Domain\AzureAPI.Domain.csproj", "{4C88A14E-B797-4FB8-9CD4-C08AAB6AD11D}"
EndProject
Project("{9A19103F-16F7-4668-BE54-9A1E7A4F7556}") = "AzureAPI.Infra", "AzureAPI.Infra\AzureAPI.Infra.csproj", "{EB2D6E9C-1246-4C67-A45A-A8630DB34566}"
EndProject
Project("{9A19103F-16F7-4668-BE54-9A1E7A4F7556}") = "AzureAPI.Service", "AzureAPI.Service\AzureAPI.Service.csproj", "{E4B87045-17B2-4F41-BEEE-F98F58EAD607}"
EndProject
Project("{9A19103F-16F7-4668-BE54-9A1E7A4F7556}") = "AzureAPI.Core", "AzureAPI.Core\AzureAPI.Core.csproj", "{B7328618-D507-4846-989E-90350728917D}"
EndProject
Project("{FAE04EC0-301F-11D3-BF4B-00C04F79EFBC}") = "AzureAPI.Application", "AzureAPI.Application\AzureAPI.Application.csproj", "{01E16EF8-2379-408E-902B-D876E81955AD}"
EndProject
Global
	GlobalSection(SolutionConfigurationPlatforms) = preSolution
		Debug|Any CPU = Debug|Any CPU
		Release|Any CPU = Release|Any CPU
	EndGlobalSection
	GlobalSection(ProjectConfigurationPlatforms) = postSolution
		{4C88A14E-B797-4FB8-9CD4-C08AAB6AD11D}.Debug|Any CPU.ActiveCfg = Debug|Any CPU
		{4C88A14E-B797-4FB8-9CD4-C08AAB6AD11D}.Debug|Any CPU.Build.0 = Debug|Any CPU
		{4C88A14E-B797-4FB8-9CD4-C08AAB6AD11D}.Release|Any CPU.ActiveCfg = Release|Any CPU
		{4C88A14E-B797-4FB8-9CD4-C08AAB6AD11D}.Release|Any CPU.Build.0 = Release|Any CPU
		{EB2D6E9C-1246-4C67-A45A-A8630DB34566}.Debug|Any CPU.ActiveCfg = Debug|Any CPU
		{EB2D6E9C-1246-4C67-A45A-A8630DB34566}.Debug|Any CPU.Build.0 = Debug|Any CPU
		{EB2D6E9C-1246-4C67-A45A-A8630DB34566}.Release|Any CPU.ActiveCfg = Release|Any CPU
		{EB2D6E9C-1246-4C67-A45A-A8630DB34566}.Release|Any CPU.Build.0 = Release|Any CPU
		{E4B87045-17B2-4F41-BEEE-F98F58EAD607}.Debug|Any CPU.ActiveCfg = Debug|Any CPU
		{E4B87045-17B2-4F41-BEEE-F98F58EAD607}.Debug|Any CPU.Build.0 = Debug|Any CPU
		{E4B87045-17B2-4F41-BEEE-F98F58EAD607}.Release|Any CPU.ActiveCfg = Release|Any CPU
		{E4B87045-17B2-4F41-BEEE-F98F58EAD607}.Release|Any CPU.Build.0 = Release|Any CPU
		{B7328618-D507-4846-989E-90350728917D}.Debug|Any CPU.ActiveCfg = Debug|Any CPU
		{B7328618-D507-4846-989E-90350728917D}.Debug|Any CPU.Build.0 = Debug|Any CPU
		{B7328618-D507-4846-989E-90350728917D}.Release|Any CPU.ActiveCfg = Release|Any CPU
		{B7328618-D507-4846-989E-90350728917D}.Release|Any CPU.Build.0 = Release|Any CPU
		{01E16EF8-2379-408E-902B-D876E81955AD}.Debug|Any CPU.ActiveCfg = Debug|Any CPU
		{01E16EF8-2379-408E-902B-D876E81955AD}.Debug|Any CPU.Build.0 = Debug|Any CPU
		{01E16EF8-2379-408E-902B-D876E81955AD}.Release|Any CPU.ActiveCfg = Release|Any CPU
		{01E16EF8-2379-408E-902B-D876E81955AD}.Release|Any CPU.Build.0 = Release|Any CPU
	EndGlobalSection
	GlobalSection(SolutionProperties) = preSolution
		HideSolutionNode = FALSE
	EndGlobalSection
	GlobalSection(ExtensibilityGlobals) = postSolution
		SolutionGuid = {E6726F3E-60C5-4245-A072-519CB8F6FD09}
	EndGlobalSection
EndGlobal
